# This file is automatically @generated by Cargo.
# It is not intended for manual editing.
version = 4

[[package]]
name = "causlane"
version = "0.0.1"
dependencies = [
 "causlane-core",
]

[[package]]
name = "causlane-core"
version = "0.0.1"

[[package]]
name = "causlane-reference-integration-example"
version = "0.0.0"
dependencies = [
 "causlane",
 "causlane-runtime",
]

[[package]]
name = "causlane-runtime"
version = "0.0.1"
dependencies = [
 "causlane-core",
]
